{
  "requires": true,
  "lockfileVersion": 1,
  "dependencies": {
    "@material/animation": {
      "version": "0.25.0",
      "resolved": "https://registry.npmjs.org/@material/animation/-/animation-0.25.0.tgz",
      "integrity": "sha512-4RzlpMwJtMnQ3/rNf4zpG9qnoQcCkYiRs6U515MRQzv7qFl1eCZx3U3dGaUu7UVf3Hwx4RskUB/fBxGc0b61CQ=="
    },
    "@material/auto-init": {
      "version": "0.25.0",
      "resolved": "https://registry.npmjs.org/@material/auto-init/-/auto-init-0.25.0.tgz",
      "integrity": "sha512-5nZOslGcZUczKXfMPBze5fgAb3OAmoeGxm3h6x3QLZP7FMXgyRpofH6AGw5oDIiXmvSM8r2+sduwW9OfgMlTMA=="
    },
    "@material/base": {
      "version": "0.24.0",
      "resolved": "https://registry.npmjs.org/@material/base/-/base-0.24.0.tgz",
      "integrity": "sha512-RG1SbHl6M8a0fdrMAoMm7Fc8jkuj3HhZd0f8Dy5kfUtQk3I7PyzD+MLCrmCHgUAlKbcK2J9VxJWpd4isZr3x9w=="
    },
    "@material/button": {
      "version": "0.27.0",
      "resolved": "https://registry.npmjs.org/@material/button/-/button-0.27.0.tgz",
      "integrity": "sha512-K48NRs4QtVRqTsPGHEo/5eiOBf5VVHOMTB7MA5ZvtH+uMcqtpea7LQe2mbOE+LXHQafCoRw1PHEi2nCdGa95IA==",
      "requires": {
        "@material/elevation": "0.25.0",
        "@material/ripple": "0.27.0",
        "@material/theme": "0.27.0",
        "@material/typography": "0.3.0"
      }
    },
    "@material/card": {
      "version": "0.27.0",
      "resolved": "https://registry.npmjs.org/@material/card/-/card-0.27.0.tgz",
      "integrity": "sha512-cit86kCLOLPx2gxOOePLyRAr2Zgt82udt7e+eyb/qMkfWXlAidd0IEqX/yaq4izAnBfcdGB3AfyseS5STLiEmA==",
      "requires": {
        "@material/elevation": "0.25.0",
        "@material/rtl": "0.1.8",
        "@material/theme": "0.27.0",
        "@material/typography": "0.3.0"
      }
    },
    "@material/checkbox": {
      "version": "0.27.0",
      "resolved": "https://registry.npmjs.org/@material/checkbox/-/checkbox-0.27.0.tgz",
      "integrity": "sha512-/tZ19dSHEN/oRI33m1EV5cvXjsKChjBDXNkOCpEbanMVzTzYTOPnNWO96veB++wNk4sKc4qCEoDFoklo+ip21w==",
      "requires": {
        "@material/animation": "0.25.0",
        "@material/base": "0.24.0",
        "@material/ripple": "0.27.0",
        "@material/rtl": "0.1.8",
        "@material/selection-control": "0.27.0",
        "@material/theme": "0.27.0"
      }
    },
    "@material/dialog": {
      "version": "0.27.0",
      "resolved": "https://registry.npmjs.org/@material/dialog/-/dialog-0.27.0.tgz",
      "integrity": "sha512-ly0+VVxsemfH5ut2zYsj+g8rnPaK4lpcC9vCX96gdjLnZZyjt63/k/nf0bjBJoBd5jF/fpMjUpxvd03zFV6KZA==",
      "requires": {
        "@material/animation": "0.25.0",
        "@material/base": "0.24.0",
        "@material/elevation": "0.25.0",
        "@material/ripple": "0.27.0",
        "@material/rtl": "0.1.8",
        "@material/theme": "0.27.0",
        "@material/typography": "0.1.1",
        "focus-trap": "2.4.2"
      },
      "dependencies": {
        "@material/typography": {
          "version": "0.1.1",
          "resolved": "https://registry.npmjs.org/@material/typography/-/typography-0.1.1.tgz",
          "integrity": "sha1-+y40N70yhNOen7kUhXZ63msr0ME="
        }
      }
    },
    "@material/drawer": {
      "version": "0.27.0",
      "resolved": "https://registry.npmjs.org/@material/drawer/-/drawer-0.27.0.tgz",
      "integrity": "sha512-glg3IG7G9Autc9Yjf7qUm8cuT1T/Z/oeg3WHESvRAvX/lLgX95ZKVmkKhS0Odsk+F2iC7zksFJWoyZdzgLqlJg==",
      "requires": {
        "@material/animation": "0.25.0",
        "@material/base": "0.24.0",
        "@material/elevation": "0.25.0",
        "@material/rtl": "0.1.8",
        "@material/theme": "0.27.0",
        "@material/typography": "0.3.0"
      }
    },
    "@material/elevation": {
      "version": "0.25.0",
      "resolved": "https://registry.npmjs.org/@material/elevation/-/elevation-0.25.0.tgz",
      "integrity": "sha512-3TU+Far+D7qo8UqghRIRPp2riXV457L2bULiv+KY9WglWR5eyX3l1BfApgEbza+ltZCVcbrtiTcRVpCI18zIqA==",
      "requires": {
        "@material/animation": "0.25.0",
        "@material/theme": "0.4.0"
      },
      "dependencies": {
        "@material/theme": {
          "version": "0.4.0",
          "resolved": "https://registry.npmjs.org/@material/theme/-/theme-0.4.0.tgz",
          "integrity": "sha1-Cu8aAnm2XBWZBYT7i47KCVxzRkE="
        }
      }
    },
    "@material/fab": {
      "version": "0.27.0",
      "resolved": "https://registry.npmjs.org/@material/fab/-/fab-0.27.0.tgz",
      "integrity": "sha512-7UTBa4M1YIq6wkseQ7kjx7FR3bxnJoV8V+wZXet/GZBlG3KhYTXIxazwqMGU2WnuwDXvquq2rhNxG9ZXj028jQ==",
      "requires": {
        "@material/animation": "0.25.0",
        "@material/elevation": "0.25.0",
        "@material/ripple": "0.27.0",
        "@material/theme": "0.27.0"
      }
    },
    "@material/form-field": {
      "version": "0.27.0",
      "resolved": "https://registry.npmjs.org/@material/form-field/-/form-field-0.27.0.tgz",
      "integrity": "sha512-KBO2BpKLnMxlG/RjkZLBv7DvW7NVFUIlEcbirLKcxGpa3KW1PuzVl6Pe0jfSXxGl5O0YzExONb6jZk5pOE9Rhw==",
      "requires": {
        "@material/base": "0.24.0",
        "@material/rtl": "0.1.8",
        "@material/selection-control": "0.27.0",
        "@material/theme": "0.27.0",
        "@material/typography": "0.3.0"
      }
    },
    "@material/grid-list": {
      "version": "0.27.0",
      "resolved": "https://registry.npmjs.org/@material/grid-list/-/grid-list-0.27.0.tgz",
      "integrity": "sha512-hEKGoDGu/7eIjitDZrA7oQGdrBXIPLZCR6rKgW/dRIVtjKKI8ZjMN5RkzZ2gmHyZyxAL7iTRq6KTtLfdnpWprg==",
      "requires": {
        "@material/base": "0.24.0",
        "@material/rtl": "0.1.8",
        "@material/theme": "0.27.0",
        "@material/typography": "0.3.0"
      }
    },
    "@material/icon-toggle": {
      "version": "0.27.0",
      "resolved": "https://registry.npmjs.org/@material/icon-toggle/-/icon-toggle-0.27.0.tgz",
      "integrity": "sha512-TMNyyjrLDs9d73Nvtq4U7guAFO0Lw1gmwmtIFemMgmx0Zz4qMztGamIe/G72Ue3OSPG4RNGOgQYRgVr5zh3OPg==",
      "requires": {
        "@material/animation": "0.25.0",
        "@material/base": "0.24.0",
        "@material/ripple": "0.27.0",
        "@material/theme": "0.27.0"
      }
    },
    "@material/layout-grid": {
      "version": "0.24.0",
      "resolved": "https://registry.npmjs.org/@material/layout-grid/-/layout-grid-0.24.0.tgz",
      "integrity": "sha512-38Si5CQgRkQwTSVb+lfCZkH8QEe1/HWfj2yNmK5OIFRMBFbSjQRsvf3p+aU1R7fM4TDjNKcgUWqRtBnKuUjNCQ=="
    },
    "@material/linear-progress": {
      "version": "0.27.0",
      "resolved": "https://registry.npmjs.org/@material/linear-progress/-/linear-progress-0.27.0.tgz",
      "integrity": "sha512-XitcSts6MU0pDnkg54rovFlHgfNJuhhWM0kgEtMIicCurEGbS0Ptg5H+B5DVejBimeZQBZtnl53y0+Q1b/TSMA==",
      "requires": {
        "@material/animation": "0.25.0",
        "@material/base": "0.24.0",
        "@material/theme": "0.27.0"
      }
    },
    "@material/list": {
      "version": "0.27.0",
      "resolved": "https://registry.npmjs.org/@material/list/-/list-0.27.0.tgz",
      "integrity": "sha512-F/eTyB1mFR/MzkgkeIeEC7tNxKLh3+zn20KX7PGiRY1P+j30jzk3M7O7Zp+5OS4SEOBFUZLbff9qWpxUvUvolg==",
      "requires": {
        "@material/ripple": "0.27.0",
        "@material/rtl": "0.1.8",
        "@material/theme": "0.27.0",
        "@material/typography": "0.3.0"
      }
    },
    "@material/menu": {
      "version": "0.27.0",
      "resolved": "https://registry.npmjs.org/@material/menu/-/menu-0.27.0.tgz",
      "integrity": "sha512-JV485C66qIjJ3O7Fleox8vI3lWyKoF8gTDNaMv1fnND5XXYqlSIBsdE5QP6/8HQcEZTTozfsv7N6VZC/F5pwEw==",
      "requires": {
        "@material/animation": "0.25.0",
        "@material/base": "0.24.0",
        "@material/elevation": "0.25.0",
        "@material/theme": "0.27.0",
        "@material/typography": "0.3.0"
      }
    },
    "@material/radio": {
      "version": "0.27.0",
      "resolved": "https://registry.npmjs.org/@material/radio/-/radio-0.27.0.tgz",
      "integrity": "sha512-0pfsAyJcHjl5b4mcJFDeXifATvAfx93qQrVu0x7TYaDswzl5omOiLMeaVmlcPjDuueiD0gJxz+IDVnDM7fKsaA==",
      "requires": {
        "@material/animation": "0.25.0",
        "@material/base": "0.24.0",
        "@material/ripple": "0.27.0",
        "@material/selection-control": "0.27.0",
        "@material/theme": "0.27.0"
      }
    },
    "@material/ripple": {
      "version": "0.27.0",
      "resolved": "https://registry.npmjs.org/@material/ripple/-/ripple-0.27.0.tgz",
      "integrity": "sha512-RhN6B7+r+m+YY+T0HjBGabs1DmCXkR9n/TJPKO4DvFJ7Cck03/sjMtdg7WSqIemP+9xDv6u8lhUMaW9d3Fu2Pw==",
      "requires": {
        "@material/base": "0.24.0",
        "@material/theme": "0.27.0"
      }
    },
    "@material/rtl": {
      "version": "0.1.8",
      "resolved": "https://registry.npmjs.org/@material/rtl/-/rtl-0.1.8.tgz",
      "integrity": "sha512-NzBobwxvhJg+dch99pVO+Z9HL1DM+esuIy5WYXgM7trfOVh8n9DkVo5vD/NKnDy6F5wCaRnJOI5T19Tev6c9Zw=="
    },
    "@material/select": {
      "version": "0.27.0",
      "resolved": "https://registry.npmjs.org/@material/select/-/select-0.27.0.tgz",
      "integrity": "sha512-hi2PpkuyIFkfwq5mbac3NocsN3sqH/6eMUemQFRrjrLbbWvRxt2NvoADAg0MR6GdkzKOW6EhiuDoETUDzziFlg==",
      "requires": {
        "@material/animation": "0.25.0",
        "@material/base": "0.24.0",
        "@material/list": "0.27.0",
        "@material/menu": "0.27.0",
        "@material/ripple": "0.27.0",
        "@material/rtl": "0.1.8",
        "@material/theme": "0.27.0",
        "@material/typography": "0.3.0"
      }
    },
    "@material/selection-control": {
      "version": "0.27.0",
      "resolved": "https://registry.npmjs.org/@material/selection-control/-/selection-control-0.27.0.tgz",
      "integrity": "sha512-qHXAmDlRwIgzc1bA9T4BK1JudkqdphaLggI0S9kBBfSpI2NFfE02F29ldTHl0WX9lvzcLKPswIcHkqbp5z0Oug==",
      "requires": {
        "@material/ripple": "0.27.0"
      }
    },
    "@material/slider": {
      "version": "0.27.0",
      "resolved": "https://registry.npmjs.org/@material/slider/-/slider-0.27.0.tgz",
      "integrity": "sha512-RVZTEI+KHuDVSbs234hr0FHBYYtuCaZpI2YhDEUrkdD57iVKPqLNCROmCtoxvuselVanho3awAKUJZw6Jj6ovA==",
      "requires": {
        "@material/animation": "0.25.0",
        "@material/base": "0.24.0",
        "@material/rtl": "0.1.8",
        "@material/theme": "0.27.0"
      }
    },
    "@material/snackbar": {
      "version": "0.27.0",
      "resolved": "https://registry.npmjs.org/@material/snackbar/-/snackbar-0.27.0.tgz",
      "integrity": "sha512-BKlfrUJbAn4VU/VpJ9XBOehJxdzk790nEod6Qd2jXr50NsSXdGvSMRBb5Oo1vW4qaBjIq64zVkuqWi2zBAJ7og==",
      "requires": {
        "@material/animation": "0.25.0",
        "@material/base": "0.24.0",
        "@material/rtl": "0.1.8",
        "@material/theme": "0.27.0",
        "@material/typography": "0.3.0"
      }
    },
    "@material/switch": {
      "version": "0.27.0",
      "resolved": "https://registry.npmjs.org/@material/switch/-/switch-0.27.0.tgz",
      "integrity": "sha512-3lpnimQtARUwT2jB3Zp1h1lViA4pKqktFYThQe8s+6BJRyW7BGWMLH3c+pJ7TuRXYmJ+xPGM7yuPG2N8Vo8G5A==",
      "requires": {
        "@material/animation": "0.25.0",
        "@material/elevation": "0.25.0",
        "@material/theme": "0.27.0"
      }
    },
    "@material/tabs": {
      "version": "0.27.0",
      "resolved": "https://registry.npmjs.org/@material/tabs/-/tabs-0.27.0.tgz",
      "integrity": "sha512-icAzVT6sBEA+vsCnobzantJiZdzOcMNAquBIupswBqkb5zPDShDg5BkCvi6CiLHijqDMRMofg4shqq5UdUqDDw==",
      "requires": {
        "@material/animation": "0.25.0",
        "@material/base": "0.24.0",
        "@material/ripple": "0.27.0",
        "@material/rtl": "0.1.8",
        "@material/theme": "0.27.0",
        "@material/typography": "0.3.0"
      }
    },
    "@material/textfield": {
      "version": "0.27.0",
      "resolved": "https://registry.npmjs.org/@material/textfield/-/textfield-0.27.0.tgz",
      "integrity": "sha512-nrru1z3P+tSteQoqb8qJ109oZW9oK2OEjRFTvfeNgJtz6/QJEsAMDKDlGZ/7jX7PTVPMYeakEgbHyDyGD0x9HA==",
      "requires": {
        "@material/animation": "0.25.0",
        "@material/base": "0.24.0",
        "@material/ripple": "0.27.0",
        "@material/rtl": "0.1.8",
        "@material/theme": "0.27.0",
        "@material/typography": "0.3.0"
      }
    },
    "@material/theme": {
      "version": "0.27.0",
      "resolved": "https://registry.npmjs.org/@material/theme/-/theme-0.27.0.tgz",
      "integrity": "sha512-H41/AgCfuCN6jziasTiuNnRtASUBAUOwWAVyWHrcUBSyoUgYMsVpalrMk3goVDMiVPVrxL+yjg8uE6t0zemmbw=="
    },
    "@material/toolbar": {
      "version": "0.27.0",
      "resolved": "https://registry.npmjs.org/@material/toolbar/-/toolbar-0.27.0.tgz",
      "integrity": "sha512-n+NDsT+gW0ko7Z7EBu5j5aoJTTPKkYIz/GanmbYr2Voimyo+IEkTE7Rk14EL+ZPUmIHjSVrMmdO90SgKCz7RkQ==",
      "requires": {
        "@material/base": "0.24.0",
        "@material/elevation": "0.25.0",
        "@material/rtl": "0.1.8",
        "@material/theme": "0.27.0",
        "@material/typography": "0.3.0"
      }
    },
    "@material/typography": {
      "version": "0.3.0",
      "resolved": "https://registry.npmjs.org/@material/typography/-/typography-0.3.0.tgz",
      "integrity": "sha1-+CjC0yFb/WbFgHJwm0JgxkElOQo="
    },
    "focus-trap": {
      "version": "2.4.2",
      "resolved": "https://registry.npmjs.org/focus-trap/-/focus-trap-2.4.2.tgz",
      "integrity": "sha512-SAeF7QzsGlG1RmdmBM5hsnwNGyOUak6f75LB8mIvj1gi63MGMtcbkaqNkMqLnMI8aQaQcdMVCSYaKLJZECIUmw==",
      "requires": {
        "tabbable": "1.1.2"
      }
    },
    "material-components-web": {
      "version": "0.27.0",
      "resolved": "https://registry.npmjs.org/material-components-web/-/material-components-web-0.27.0.tgz",
      "integrity": "sha512-uwMz7Q3KwjPelHvmCykv+uKyeVPZuiRlNyK3Fu6Xd397AdK0Kk0PKzKn1/ujRV+SFYB+8w/EVrYCvSI/QKJb1w==",
      "requires": {
        "@material/animation": "0.25.0",
        "@material/auto-init": "0.25.0",
        "@material/base": "0.24.0",
        "@material/button": "0.27.0",
        "@material/card": "0.27.0",
        "@material/checkbox": "0.27.0",
        "@material/dialog": "0.27.0",
        "@material/drawer": "0.27.0",
        "@material/elevation": "0.25.0",
        "@material/fab": "0.27.0",
        "@material/form-field": "0.27.0",
        "@material/grid-list": "0.27.0",
        "@material/icon-toggle": "0.27.0",
        "@material/layout-grid": "0.24.0",
        "@material/linear-progress": "0.27.0",
        "@material/list": "0.27.0",
        "@material/menu": "0.27.0",
        "@material/radio": "0.27.0",
        "@material/ripple": "0.27.0",
        "@material/rtl": "0.1.8",
        "@material/select": "0.27.0",
        "@material/selection-control": "0.27.0",
        "@material/slider": "0.27.0",
        "@material/snackbar": "0.27.0",
        "@material/switch": "0.27.0",
        "@material/tabs": "0.27.0",
        "@material/textfield": "0.27.0",
        "@material/theme": "0.27.0",
        "@material/toolbar": "0.27.0",
        "@material/typography": "0.3.0"
      }
    },
    "tabbable": {
      "version": "1.1.2",
      "resolved": "https://registry.npmjs.org/tabbable/-/tabbable-1.1.2.tgz",
      "integrity": "sha512-77oqsKEPrxIwgRcXUwipkj9W5ItO97L6eUT1Ar7vh+El16Zm4M6V+YU1cbipHEa6q0Yjw8O3Hoh8oRgatV5s7A=="
    }
  }
}
